
Microsoft Visual Studio Solution File, Format Version 12.00
# Visual Studio 15
VisualStudioVersion = 15.0.28307.1972
MinimumVisualStudioVersion = 10.0.40219.1
Project("{FAE04EC0-301F-11D3-BF4B-00C04F79EFBC}") = "DataBaseConnect", "DataBaseConnect\DataBaseConnect.csproj", "{D433A370-637E-4D95-8E9B-CA80B8DE8D82}"
EndProject
Global
	GlobalSection(SolutionConfigurationPlatforms) = preSolution
		Debug|Any CPU = Debug|Any CPU
		Release|Any CPU = Release|Any CPU
	EndGlobalSection
	GlobalSection(ProjectConfigurationPlatforms) = postSolution
		{D433A370-637E-4D95-8E9B-CA80B8DE8D82}.Debug|Any CPU.ActiveCfg = Debug|Any CPU
		{D433A370-637E-4D95-8E9B-CA80B8DE8D82}.Debug|Any CPU.Build.0 = Debug|Any CPU
		{D433A370-637E-4D95-8E9B-CA80B8DE8D82}.Release|Any CPU.ActiveCfg = Release|Any CPU
		{D433A370-637E-4D95-8E9B-CA80B8DE8D82}.Release|Any CPU.Build.0 = Release|Any CPU
	EndGlobalSection
	GlobalSection(SolutionProperties) = preSolution
		HideSolutionNode = FALSE
	EndGlobalSection
	GlobalSection(ExtensibilityGlobals) = postSolution
		SolutionGuid = {C4FC9C2D-E34B-41CC-B52D-4DF537920D81}
	EndGlobalSection
EndGlobal
